
Microsoft Visual Studio Solution File, Format Version 12.00
# Visual Studio Version 16
VisualStudioVersion = 16.0.29920.165
MinimumVisualStudioVersion = 10.0.40219.1
Project("{FAE04EC0-301F-11D3-BF4B-00C04F79EFBC}") = "Panele", "Panele.csproj", "{5F35AED6-D7B3-469E-82ED-F43C20B08414}"
EndProject
Global
	GlobalSection(SolutionConfigurationPlatforms) = preSolution
		Debug|Any CPU = Debug|Any CPU
		Release|Any CPU = Release|Any CPU
	EndGlobalSection
	GlobalSection(ProjectConfigurationPlatforms) = postSolution
		{5F35AED6-D7B3-469E-82ED-F43C20B08414}.Debug|Any CPU.ActiveCfg = Debug|Any CPU
		{5F35AED6-D7B3-469E-82ED-F43C20B08414}.Debug|Any CPU.Build.0 = Debug|Any CPU
		{5F35AED6-D7B3-469E-82ED-F43C20B08414}.Release|Any CPU.ActiveCfg = Release|Any CPU
		{5F35AED6-D7B3-469E-82ED-F43C20B08414}.Release|Any CPU.Build.0 = Release|Any CPU
	EndGlobalSection
	GlobalSection(SolutionProperties) = preSolution
		HideSolutionNode = FALSE
	EndGlobalSection
	GlobalSection(ExtensibilityGlobals) = postSolution
		SolutionGuid = {B75A0996-EE0E-4E2B-99DE-AA97804E07CC}
	EndGlobalSection
EndGlobal
