
Microsoft Visual Studio Solution File, Format Version 12.00
# Visual Studio Version 16
VisualStudioVersion = 16.0.29920.165
MinimumVisualStudioVersion = 10.0.40219.1
Project("{FAE04EC0-301F-11D3-BF4B-00C04F79EFBC}") = "Zad5_3", "Zad5_3.csproj", "{5DD129CD-B301-46E3-8CC2-A64E1E46AA7D}"
EndProject
Global
	GlobalSection(SolutionConfigurationPlatforms) = preSolution
		Debug|Any CPU = Debug|Any CPU
		Release|Any CPU = Release|Any CPU
	EndGlobalSection
	GlobalSection(ProjectConfigurationPlatforms) = postSolution
		{5DD129CD-B301-46E3-8CC2-A64E1E46AA7D}.Debug|Any CPU.ActiveCfg = Debug|Any CPU
		{5DD129CD-B301-46E3-8CC2-A64E1E46AA7D}.Debug|Any CPU.Build.0 = Debug|Any CPU
		{5DD129CD-B301-46E3-8CC2-A64E1E46AA7D}.Release|Any CPU.ActiveCfg = Release|Any CPU
		{5DD129CD-B301-46E3-8CC2-A64E1E46AA7D}.Release|Any CPU.Build.0 = Release|Any CPU
	EndGlobalSection
	GlobalSection(SolutionProperties) = preSolution
		HideSolutionNode = FALSE
	EndGlobalSection
	GlobalSection(ExtensibilityGlobals) = postSolution
		SolutionGuid = {C7765FE6-3596-4D03-8099-A06D96027310}
	EndGlobalSection
EndGlobal
