
Microsoft Visual Studio Solution File, Format Version 12.00
# Visual Studio Version 16
VisualStudioVersion = 16.0.32228.343
MinimumVisualStudioVersion = 10.0.40219.1
Project("{FAE04EC0-301F-11D3-BF4B-00C04F79EFBC}") = "value_converters", "value_converters.csproj", "{481FB90B-2B6C-499A-AE47-FD93C6A5C63C}"
EndProject
Global
	GlobalSection(SolutionConfigurationPlatforms) = preSolution
		Debug|Any CPU = Debug|Any CPU
		Release|Any CPU = Release|Any CPU
	EndGlobalSection
	GlobalSection(ProjectConfigurationPlatforms) = postSolution
		{481FB90B-2B6C-499A-AE47-FD93C6A5C63C}.Debug|Any CPU.ActiveCfg = Debug|Any CPU
		{481FB90B-2B6C-499A-AE47-FD93C6A5C63C}.Debug|Any CPU.Build.0 = Debug|Any CPU
		{481FB90B-2B6C-499A-AE47-FD93C6A5C63C}.Release|Any CPU.ActiveCfg = Release|Any CPU
		{481FB90B-2B6C-499A-AE47-FD93C6A5C63C}.Release|Any CPU.Build.0 = Release|Any CPU
	EndGlobalSection
	GlobalSection(SolutionProperties) = preSolution
		HideSolutionNode = FALSE
	EndGlobalSection
	GlobalSection(ExtensibilityGlobals) = postSolution
		SolutionGuid = {E3DDC7D5-AFBF-46D5-8D68-F84C64F1C647}
	EndGlobalSection
EndGlobal
