
Microsoft Visual Studio Solution File, Format Version 12.00
# Visual Studio Version 16
VisualStudioVersion = 16.0.32228.343
MinimumVisualStudioVersion = 10.0.40219.1
Project("{FAE04EC0-301F-11D3-BF4B-00C04F79EFBC}") = "mechanizmy_walidacji", "mechanizmy_walidacji.csproj", "{4CA63BF8-C7A3-43CF-BC7E-AE6B918409FC}"
EndProject
Global
	GlobalSection(SolutionConfigurationPlatforms) = preSolution
		Debug|Any CPU = Debug|Any CPU
		Release|Any CPU = Release|Any CPU
	EndGlobalSection
	GlobalSection(ProjectConfigurationPlatforms) = postSolution
		{4CA63BF8-C7A3-43CF-BC7E-AE6B918409FC}.Debug|Any CPU.ActiveCfg = Debug|Any CPU
		{4CA63BF8-C7A3-43CF-BC7E-AE6B918409FC}.Debug|Any CPU.Build.0 = Debug|Any CPU
		{4CA63BF8-C7A3-43CF-BC7E-AE6B918409FC}.Release|Any CPU.ActiveCfg = Release|Any CPU
		{4CA63BF8-C7A3-43CF-BC7E-AE6B918409FC}.Release|Any CPU.Build.0 = Release|Any CPU
	EndGlobalSection
	GlobalSection(SolutionProperties) = preSolution
		HideSolutionNode = FALSE
	EndGlobalSection
	GlobalSection(ExtensibilityGlobals) = postSolution
		SolutionGuid = {395761DE-DF59-4E33-830C-C5EF34E2599A}
	EndGlobalSection
EndGlobal
